// !$*UTF8*$!
{
	archiveVersion = 1;
	classes = {
	};
	objectVersion = 55;
	objects = {

/* Begin PBXBuildFile section */
		09FC05EE27AC1048008A5051 /* AppDelegate.swift in Sources */ = {isa = PBXBuildFile; fileRef = 09FC05ED27AC1048008A5051 /* AppDelegate.swift */; };
		09FC05F027AC1048008A5051 /* SceneDelegate.swift in Sources */ = {isa = PBXBuildFile; fileRef = 09FC05EF27AC1048008A5051 /* SceneDelegate.swift */; };
		09FC05F227AC1048008A5051 /* ViewController.swift in Sources */ = {isa = PBXBuildFile; fileRef = 09FC05F127AC1048008A5051 /* ViewController.swift */; };
		09FC05F527AC1048008A5051 /* Main.storyboard in Resources */ = {isa = PBXBuildFile; fileRef = 09FC05F327AC1048008A5051 /* Main.storyboard */; };
		09FC05F727AC104C008A5051 /* Assets.xcassets in Resources */ = {isa = PBXBuildFile; fileRef = 09FC05F627AC104C008A5051 /* Assets.xcassets */; };
		09FC05FA27AC104C008A5051 /* LaunchScreen.storyboard in Resources */ = {isa = PBXBuildFile; fileRef = 09FC05F827AC104C008A5051 /* LaunchScreen.storyboard */; };
		09FC060227AC1131008A5051 /* TweetSentimentClassifier.mlmodel in Sources */ = {isa = PBXBuildFile; fileRef = 09FC060127AC1131008A5051 /* TweetSentimentClassifier.mlmodel */; };
		09FC064727ACA9B1008A5051 /* SwifteriOS.framework in Frameworks */ = {isa = PBXBuildFile; fileRef = 09FC063E27ACA99A008A5051 /* SwifteriOS.framework */; };
		09FC064827ACA9B1008A5051 /* SwifteriOS.framework in Embed Frameworks */ = {isa = PBXBuildFile; fileRef = 09FC063E27ACA99A008A5051 /* SwifteriOS.framework */; settings = {ATTRIBUTES = (CodeSignOnCopy, RemoveHeadersOnCopy, ); }; };
		09FC064F27ACD08C008A5051 /* IQKeyboardManagerSwift in Frameworks */ = {isa = PBXBuildFile; productRef = 09FC064E27ACD08C008A5051 /* IQKeyboardManagerSwift */; };
		AD536BEE4FD843B1A2DF7063 /* Pods_TweetFeel.framework in Frameworks */ = {isa = PBXBuildFile; fileRef = 762CE63E4BAC00C7094090BC /* Pods_TweetFeel.framework */; };
/* End PBXBuildFile section */

/* Begin PBXContainerItemProxy section */
		09FC063D27ACA99A008A5051 /* PBXContainerItemProxy */ = {
			isa = PBXContainerItemProxy;
			containerPortal = 09FC063527ACA99A008A5051 /* Swifter.xcodeproj */;
			proxyType = 2;
			remoteGlobalIDString = 8B9F50EE1944A5AB00894629;
			remoteInfo = SwifteriOS;
		};
		09FC063F27ACA99A008A5051 /* PBXContainerItemProxy */ = {
			isa = PBXContainerItemProxy;
			containerPortal = 09FC063527ACA99A008A5051 /* Swifter.xcodeproj */;
			proxyType = 2;
			remoteGlobalIDString = 8B9F51131944A61D00894629;
			remoteInfo = SwifterMac;
		};
		09FC064127ACA99A008A5051 /* PBXContainerItemProxy */ = {
			isa = PBXContainerItemProxy;
			containerPortal = 09FC063527ACA99A008A5051 /* Swifter.xcodeproj */;
			proxyType = 2;
			remoteGlobalIDString = 8B300C1F1944AA1A00993175;
			remoteInfo = SwifterDemoiOS;
		};
		09FC064327ACA99A008A5051 /* PBXContainerItemProxy */ = {
			isa = PBXContainerItemProxy;
			containerPortal = 09FC063527ACA99A008A5051 /* Swifter.xcodeproj */;
			proxyType = 2;
			remoteGlobalIDString = 8B300C471944AECB00993175;
			remoteInfo = SwifterDemoMac;
		};
		09FC064527ACA99A008A5051 /* PBXContainerItemProxy */ = {
			isa = PBXContainerItemProxy;
			containerPortal = 09FC063527ACA99A008A5051 /* Swifter.xcodeproj */;
			proxyType = 2;
			remoteGlobalIDString = F6B4D5751C7BAC4500E06514;
			remoteInfo = SwifterTests;
		};
/* End PBXContainerItemProxy section */

/* Begin PBXCopyFilesBuildPhase section */
		09FC062F27AC4248008A5051 /* Embed Frameworks */ = {
			isa = PBXCopyFilesBuildPhase;
			buildActionMask = 2147483647;
			dstPath = "";
			dstSubfolderSpec = 10;
			files = (
				09FC064827ACA9B1008A5051 /* SwifteriOS.framework in Embed Frameworks */,
			);
			name = "Embed Frameworks";
			runOnlyForDeploymentPostprocessing = 0;
		};
/* End PBXCopyFilesBuildPhase section */

/* Begin PBXFileReference section */
		09FC05EA27AC1048008A5051 /* TweetFeel.app */ = {isa = PBXFileReference; explicitFileType = wrapper.application; includeInIndex = 0; path = TweetFeel.app; sourceTree = BUILT_PRODUCTS_DIR; };
		09FC05ED27AC1048008A5051 /* AppDelegate.swift */ = {isa = PBXFileReference; lastKnownFileType = sourcecode.swift; path = AppDelegate.swift; sourceTree = "<group>"; };
		09FC05EF27AC1048008A5051 /* SceneDelegate.swift */ = {isa = PBXFileReference; lastKnownFileType = sourcecode.swift; path = SceneDelegate.swift; sourceTree = "<group>"; };
		09FC05F127AC1048008A5051 /* ViewController.swift */ = {isa = PBXFileReference; lastKnownFileType = sourcecode.swift; path = ViewController.swift; sourceTree = "<group>"; };
		09FC05F427AC1048008A5051 /* Base */ = {isa = PBXFileReference; lastKnownFileType = file.storyboard; name = Base; path = Base.lproj/Main.storyboard; sourceTree = "<group>"; };
		09FC05F627AC104C008A5051 /* Assets.xcassets */ = {isa = PBXFileReference; lastKnownFileType = folder.assetcatalog; path = Assets.xcassets; sourceTree = "<group>"; };
		09FC05F927AC104C008A5051 /* Base */ = {isa = PBXFileReference; lastKnownFileType = file.storyboard; name = Base; path = Base.lproj/LaunchScreen.storyboard; sourceTree = "<group>"; };
		09FC05FB27AC104C008A5051 /* Info.plist */ = {isa = PBXFileReference; lastKnownFileType = text.plist.xml; path = Info.plist; sourceTree = "<group>"; };
		09FC060127AC1131008A5051 /* TweetSentimentClassifier.mlmodel */ = {isa = PBXFileReference; lastKnownFileType = file.mlmodel; path = TweetSentimentClassifier.mlmodel; sourceTree = "<group>"; };
		09FC063527ACA99A008A5051 /* Swifter.xcodeproj */ = {isa = PBXFileReference; lastKnownFileType = "wrapper.pb-project"; name = Swifter.xcodeproj; path = ../../../../Desktop/Swifter/Swifter.xcodeproj; sourceTree = "<group>"; };
		762CE63E4BAC00C7094090BC /* Pods_TweetFeel.framework */ = {isa = PBXFileReference; explicitFileType = wrapper.framework; includeInIndex = 0; path = Pods_TweetFeel.framework; sourceTree = BUILT_PRODUCTS_DIR; };
		8BF7025AEFA48FFD16E106EC /* Pods-TweetFeel.release.xcconfig */ = {isa = PBXFileReference; includeInIndex = 1; lastKnownFileType = text.xcconfig; name = "Pods-TweetFeel.release.xcconfig"; path = "Target Support Files/Pods-TweetFeel/Pods-TweetFeel.release.xcconfig"; sourceTree = "<group>"; };
		8FA0A6FB120C7F1936E66A75 /* Pods-TweetFeel.debug.xcconfig */ = {isa = PBXFileReference; includeInIndex = 1; lastKnownFileType = text.xcconfig; name = "Pods-TweetFeel.debug.xcconfig"; path = "Target Support Files/Pods-TweetFeel/Pods-TweetFeel.debug.xcconfig"; sourceTree = "<group>"; };
/* End PBXFileReference section */

/* Begin PBXFrameworksBuildPhase section */
		09FC05E727AC1048008A5051 /* Frameworks */ = {
			isa = PBXFrameworksBuildPhase;
			buildActionMask = 2147483647;
			files = (
				09FC064727ACA9B1008A5051 /* SwifteriOS.framework in Frameworks */,
				AD536BEE4FD843B1A2DF7063 /* Pods_TweetFeel.framework in Frameworks */,
				09FC064F27ACD08C008A5051 /* IQKeyboardManagerSwift in Frameworks */,
			);
			runOnlyForDeploymentPostprocessing = 0;
		};
/* End PBXFrameworksBuildPhase section */

/* Begin PBXGroup section */
		09FC05E127AC1048008A5051 = {
			isa = PBXGroup;
			children = (
				09FC063527ACA99A008A5051 /* Swifter.xcodeproj */,
				09FC05EC27AC1048008A5051 /* TweetFeel */,
				09FC05EB27AC1048008A5051 /* Products */,
				09FC062C27AC4248008A5051 /* Frameworks */,
				ED2DEB5B5F76FFDB8AF25FA2 /* Pods */,
			);
			sourceTree = "<group>";
		};
		09FC05EB27AC1048008A5051 /* Products */ = {
			isa = PBXGroup;
			children = (
				09FC05EA27AC1048008A5051 /* TweetFeel.app */,
			);
			name = Products;
			sourceTree = "<group>";
		};
		09FC05EC27AC1048008A5051 /* TweetFeel */ = {
			isa = PBXGroup;
			children = (
				09FC05ED27AC1048008A5051 /* AppDelegate.swift */,
				09FC05EF27AC1048008A5051 /* SceneDelegate.swift */,
				09FC05F127AC1048008A5051 /* ViewController.swift */,
				09FC05F327AC1048008A5051 /* Main.storyboard */,
				09FC05F627AC104C008A5051 /* Assets.xcassets */,
				09FC05F827AC104C008A5051 /* LaunchScreen.storyboard */,
				09FC05FB27AC104C008A5051 /* Info.plist */,
				09FC060127AC1131008A5051 /* TweetSentimentClassifier.mlmodel */,
			);
			path = TweetFeel;
			sourceTree = "<group>";
		};
		09FC062C27AC4248008A5051 /* Frameworks */ = {
			isa = PBXGroup;
			children = (
				762CE63E4BAC00C7094090BC /* Pods_TweetFeel.framework */,
			);
			name = Frameworks;
			sourceTree = "<group>";
		};
		09FC063627ACA99A008A5051 /* Products */ = {
			isa = PBXGroup;
			children = (
				09FC063E27ACA99A008A5051 /* SwifteriOS.framework */,
				09FC064027ACA99A008A5051 /* SwifterMac.framework */,
				09FC064227ACA99A008A5051 /* SwifterDemoiOS.app */,
				09FC064427ACA99A008A5051 /* SwifterDemoMac.app */,
				09FC064627ACA99A008A5051 /* SwifterTests.xctest */,
			);
			name = Products;
			sourceTree = "<group>";
		};
		ED2DEB5B5F76FFDB8AF25FA2 /* Pods */ = {
			isa = PBXGroup;
			children = (
				8FA0A6FB120C7F1936E66A75 /* Pods-TweetFeel.debug.xcconfig */,
				8BF7025AEFA48FFD16E106EC /* Pods-TweetFeel.release.xcconfig */,
			);
			path = Pods;
			sourceTree = "<group>";
		};
/* End PBXGroup section */

/* Begin PBXNativeTarget section */
		09FC05E927AC1048008A5051 /* TweetFeel */ = {
			isa = PBXNativeTarget;
			buildConfigurationList = 09FC05FE27AC104C008A5051 /* Build configuration list for PBXNativeTarget "TweetFeel" */;
			buildPhases = (
				EF32951144FAA35823AE71F9 /* [CP] Check Pods Manifest.lock */,
				09FC05E627AC1048008A5051 /* Sources */,
				09FC05E727AC1048008A5051 /* Frameworks */,
				09FC05E827AC1048008A5051 /* Resources */,
				09FC062F27AC4248008A5051 /* Embed Frameworks */,
				2E83A2CB66CD3669C789A7B3 /* [CP] Embed Pods Frameworks */,
			);
			buildRules = (
			);
			dependencies = (
			);
			name = TweetFeel;
			packageProductDependencies = (
				09FC064E27ACD08C008A5051 /* IQKeyboardManagerSwift */,
			);
			productName = TweetFeel;
			productReference = 09FC05EA27AC1048008A5051 /* TweetFeel.app */;
			productType = "com.apple.product-type.application";
		};
/* End PBXNativeTarget section */

/* Begin PBXProject section */
		09FC05E227AC1048008A5051 /* Project object */ = {
			isa = PBXProject;
			attributes = {
				BuildIndependentTargetsInParallel = 1;
				LastSwiftUpdateCheck = 1310;
				LastUpgradeCheck = 1310;
				TargetAttributes = {
					09FC05E927AC1048008A5051 = {
						CreatedOnToolsVersion = 13.1;
					};
				};
			};
			buildConfigurationList = 09FC05E527AC1048008A5051 /* Build configuration list for PBXProject "TweetFeel" */;
			compatibilityVersion = "Xcode 13.0";
			developmentRegion = en;
			hasScannedForEncodings = 0;
			knownRegions = (
				en,
				Base,
			);
			mainGroup = 09FC05E127AC1048008A5051;
			packageReferences = (
				09FC064D27ACD08C008A5051 /* XCRemoteSwiftPackageReference "IQKeyboardManager" */,
			);
			productRefGroup = 09FC05EB27AC1048008A5051 /* Products */;
			projectDirPath = "";
			projectReferences = (
				{
					ProductGroup = 09FC063627ACA99A008A5051 /* Products */;
					ProjectRef = 09FC063527ACA99A008A5051 /* Swifter.xcodeproj */;
				},
			);
			projectRoot = "";
			targets = (
				09FC05E927AC1048008A5051 /* TweetFeel */,
			);
		};
/* End PBXProject section */

/* Begin PBXReferenceProxy section */
		09FC063E27ACA99A008A5051 /* SwifteriOS.framework */ = {
			isa = PBXReferenceProxy;
			fileType = wrapper.framework;
			path = SwifteriOS.framework;
			remoteRef = 09FC063D27ACA99A008A5051 /* PBXContainerItemProxy */;
			sourceTree = BUILT_PRODUCTS_DIR;
		};
		09FC064027ACA99A008A5051 /* SwifterMac.framework */ = {
			isa = PBXReferenceProxy;
			fileType = wrapper.framework;
			path = SwifterMac.framework;
			remoteRef = 09FC063F27ACA99A008A5051 /* PBXContainerItemProxy */;
			sourceTree = BUILT_PRODUCTS_DIR;
		};
		09FC064227ACA99A008A5051 /* SwifterDemoiOS.app */ = {
			isa = PBXReferenceProxy;
			fileType = wrapper.application;
			path = SwifterDemoiOS.app;
			remoteRef = 09FC064127ACA99A008A5051 /* PBXContainerItemProxy */;
			sourceTree = BUILT_PRODUCTS_DIR;
		};
		09FC064427ACA99A008A5051 /* SwifterDemoMac.app */ = {
			isa = PBXReferenceProxy;
			fileType = wrapper.application;
			path = SwifterDemoMac.app;
			remoteRef = 09FC064327ACA99A008A5051 /* PBXContainerItemProxy */;
			sourceTree = BUILT_PRODUCTS_DIR;
		};
		09FC064627ACA99A008A5051 /* SwifterTests.xctest */ = {
			isa = PBXReferenceProxy;
			fileType = wrapper.cfbundle;
			path = SwifterTests.xctest;
			remoteRef = 09FC064527ACA99A008A5051 /* PBXContainerItemProxy */;
			sourceTree = BUILT_PRODUCTS_DIR;
		};
/* End PBXReferenceProxy section */

/* Begin PBXResourcesBuildPhase section */
		09FC05E827AC1048008A5051 /* Resources */ = {
			isa = PBXResourcesBuildPhase;
			buildActionMask = 2147483647;
			files = (
				09FC05FA27AC104C008A5051 /* LaunchScreen.storyboard in Resources */,
				09FC05F727AC104C008A5051 /* Assets.xcassets in Resources */,
				09FC05F527AC1048008A5051 /* Main.storyboard in Resources */,
			);
			runOnlyForDeploymentPostprocessing = 0;
		};
/* End PBXResourcesBuildPhase section */

/* Begin PBXShellScriptBuildPhase section */
		2E83A2CB66CD3669C789A7B3 /* [CP] Embed Pods Frameworks */ = {
			isa = PBXShellScriptBuildPhase;
			buildActionMask = 2147483647;
			files = (
			);
			inputFileListPaths = (
				"${PODS_ROOT}/Target Support Files/Pods-TweetFeel/Pods-TweetFeel-frameworks-${CONFIGURATION}-input-files.xcfilelist",
			);
			name = "[CP] Embed Pods Frameworks";
			outputFileListPaths = (
				"${PODS_ROOT}/Target Support Files/Pods-TweetFeel/Pods-TweetFeel-frameworks-${CONFIGURATION}-output-files.xcfilelist",
			);
			runOnlyForDeploymentPostprocessing = 0;
			shellPath = /bin/sh;
			shellScript = "\"${PODS_ROOT}/Target Support Files/Pods-TweetFeel/Pods-TweetFeel-frameworks.sh\"\n";
			showEnvVarsInLog = 0;
		};
		EF32951144FAA35823AE71F9 /* [CP] Check Pods Manifest.lock */ = {
			isa = PBXShellScriptBuildPhase;
			buildActionMask = 2147483647;
			files = (
			);
			inputFileListPaths = (
			);
			inputPaths = (
				"${PODS_PODFILE_DIR_PATH}/Podfile.lock",
				"${PODS_ROOT}/Manifest.lock",
			);
			name = "[CP] Check Pods Manifest.lock";
			outputFileListPaths = (
			);
			outputPaths = (
				"$(DERIVED_FILE_DIR)/Pods-TweetFeel-checkManifestLockResult.txt",
			);
			runOnlyForDeploymentPostprocessing = 0;
			shellPath = /bin/sh;
			shellScript = "diff \"${PODS_PODFILE_DIR_PATH}/Podfile.lock\" \"${PODS_ROOT}/Manifest.lock\" > /dev/null\nif [ $? != 0 ] ; then\n    # print error to STDERR\n    echo \"error: The sandbox is not in sync with the Podfile.lock. Run 'pod install' or update your CocoaPods installation.\" >&2\n    exit 1\nfi\n# This output is used by Xcode 'outputs' to avoid re-running this script phase.\necho \"SUCCESS\" > \"${SCRIPT_OUTPUT_FILE_0}\"\n";
			showEnvVarsInLog = 0;
		};
/* End PBXShellScriptBuildPhase section */

/* Begin PBXSourcesBuildPhase section */
		09FC05E627AC1048008A5051 /* Sources */ = {
			isa = PBXSourcesBuildPhase;
			buildActionMask = 2147483647;
			files = (
				09FC05F227AC1048008A5051 /* ViewController.swift in Sources */,
				09FC05EE27AC1048008A5051 /* AppDelegate.swift in Sources */,
				09FC060227AC1131008A5051 /* TweetSentimentClassifier.mlmodel in Sources */,
				09FC05F027AC1048008A5051 /* SceneDelegate.swift in Sources */,
			);
			runOnlyForDeploymentPostprocessing = 0;
		};
/* End PBXSourcesBuildPhase section */

/* Begin PBXVariantGroup section */
		09FC05F327AC1048008A5051 /* Main.storyboard */ = {
			isa = PBXVariantGroup;
			children = (
				09FC05F427AC1048008A5051 /* Base */,
			);
			name = Main.storyboard;
			sourceTree = "<group>";
		};
		09FC05F827AC104C008A5051 /* LaunchScreen.storyboard */ = {
			isa = PBXVariantGroup;
			children = (
				09FC05F927AC104C008A5051 /* Base */,
			);
			name = LaunchScreen.storyboard;
			sourceTree = "<group>";
		};
/* End PBXVariantGroup section */

/* Begin XCBuildConfiguration section */
		09FC05FC27AC104C008A5051 /* Debug */ = {
			isa = XCBuildConfiguration;
			buildSettings = {
				ALWAYS_SEARCH_USER_PATHS = NO;
				CLANG_ANALYZER_NONNULL = YES;
				CLANG_ANALYZER_NUMBER_OBJECT_CONVERSION = YES_AGGRESSIVE;
				CLANG_CXX_LANGUAGE_STANDARD = "gnu++17";
				CLANG_CXX_LIBRARY = "libc++";
				CLANG_ENABLE_MODULES = YES;
				CLANG_ENABLE_OBJC_ARC = YES;
				CLANG_ENABLE_OBJC_WEAK = YES;
				CLANG_WARN_BLOCK_CAPTURE_AUTORELEASING = YES;
				CLANG_WARN_BOOL_CONVERSION = YES;
				CLANG_WARN_COMMA = YES;
				CLANG_WARN_CONSTANT_CONVERSION = YES;
				CLANG_WARN_DEPRECATED_OBJC_IMPLEMENTATIONS = YES;
				CLANG_WARN_DIRECT_OBJC_ISA_USAGE = YES_ERROR;
				CLANG_WARN_DOCUMENTATION_COMMENTS = YES;
				CLANG_WARN_EMPTY_BODY = YES;
				CLANG_WARN_ENUM_CONVERSION = YES;
				CLANG_WARN_INFINITE_RECURSION = YES;
				CLANG_WARN_INT_CONVERSION = YES;
				CLANG_WARN_NON_LITERAL_NULL_CONVERSION = YES;
				CLANG_WARN_OBJC_IMPLICIT_RETAIN_SELF = YES;
				CLANG_WARN_OBJC_LITERAL_CONVERSION = YES;
				CLANG_WARN_OBJC_ROOT_CLASS = YES_ERROR;
				CLANG_WARN_QUOTED_INCLUDE_IN_FRAMEWORK_HEADER = YES;
				CLANG_WARN_RANGE_LOOP_ANALYSIS = YES;
				CLANG_WARN_STRICT_PROTOTYPES = YES;
				CLANG_WARN_SUSPICIOUS_MOVE = YES;
				CLANG_WARN_UNGUARDED_AVAILABILITY = YES_AGGRESSIVE;
				CLANG_WARN_UNREACHABLE_CODE = YES;
				CLANG_WARN__DUPLICATE_METHOD_MATCH = YES;
				COPY_PHASE_STRIP = NO;
				DEBUG_INFORMATION_FORMAT = dwarf;
				ENABLE_STRICT_OBJC_MSGSEND = YES;
				ENABLE_TESTABILITY = YES;
				GCC_C_LANGUAGE_STANDARD = gnu11;
				GCC_DYNAMIC_NO_PIC = NO;
				GCC_NO_COMMON_BLOCKS = YES;
				GCC_OPTIMIZATION_LEVEL = 0;
				GCC_PREPROCESSOR_DEFINITIONS = (
					"DEBUG=1",
					"$(inherited)",
				);
				GCC_WARN_64_TO_32_BIT_CONVERSION = YES;
				GCC_WARN_ABOUT_RETURN_TYPE = YES_ERROR;
				GCC_WARN_UNDECLARED_SELECTOR = YES;
				GCC_WARN_UNINITIALIZED_AUTOS = YES_AGGRESSIVE;
				GCC_WARN_UNUSED_FUNCTION = YES;
				GCC_WARN_UNUSED_VARIABLE = YES;
				IPHONEOS_DEPLOYMENT_TARGET = 15.0;
				MTL_ENABLE_DEBUG_INFO = INCLUDE_SOURCE;
				MTL_FAST_MATH = YES;
				ONLY_ACTIVE_ARCH = YES;
				SDKROOT = iphoneos;
				SWIFT_ACTIVE_COMPILATION_CONDITIONS = DEBUG;
				SWIFT_OPTIMIZATION_LEVEL = "-Onone";
			};
			name = Debug;
		};
		09FC05FD27AC104C008A5051 /* Release */ = {
			isa = XCBuildConfiguration;
			buildSettings = {
				ALWAYS_SEARCH_USER_PATHS = NO;
				CLANG_ANALYZER_NONNULL = YES;
				CLANG_ANALYZER_NUMBER_OBJECT_CONVERSION = YES_AGGRESSIVE;
				CLANG_CXX_LANGUAGE_STANDARD = "gnu++17";
				CLANG_CXX_LIBRARY = "libc++";
				CLANG_ENABLE_MODULES = YES;
				CLANG_ENABLE_OBJC_ARC = YES;
				CLANG_ENABLE_OBJC_WEAK = YES;
				CLANG_WARN_BLOCK_CAPTURE_AUTORELEASING = YES;
				CLANG_WARN_BOOL_CONVERSION = YES;
				CLANG_WARN_COMMA = YES;
				CLANG_WARN_CONSTANT_CONVERSION = YES;
				CLANG_WARN_DEPRECATED_OBJC_IMPLEMENTATIONS = YES;
				CLANG_WARN_DIRECT_OBJC_ISA_USAGE = YES_ERROR;
				CLANG_WARN_DOCUMENTATION_COMMENTS = YES;
				CLANG_WARN_EMPTY_BODY = YES;
				CLANG_WARN_ENUM_CONVERSION = YES;
				CLANG_WARN_INFINITE_RECURSION = YES;
				CLANG_WARN_INT_CONVERSION = YES;
				CLANG_WARN_NON_LITERAL_NULL_CONVERSION = YES;
				CLANG_WARN_OBJC_IMPLICIT_RETAIN_SELF = YES;
				CLANG_WARN_OBJC_LITERAL_CONVERSION = YES;
				CLANG_WARN_OBJC_ROOT_CLASS = YES_ERROR;
				CLANG_WARN_QUOTED_INCLUDE_IN_FRAMEWORK_HEADER = YES;
				CLANG_WARN_RANGE_LOOP_ANALYSIS = YES;
				CLANG_WARN_STRICT_PROTOTYPES = YES;
				CLANG_WARN_SUSPICIOUS_MOVE = YES;
				CLANG_WARN_UNGUARDED_AVAILABILITY = YES_AGGRESSIVE;
				CLANG_WARN_UNREACHABLE_CODE = YES;
				CLANG_WARN__DUPLICATE_METHOD_MATCH = YES;
				COPY_PHASE_STRIP = NO;
				DEBUG_INFORMATION_FORMAT = "dwarf-with-dsym";
				ENABLE_NS_ASSERTIONS = NO;
				ENABLE_STRICT_OBJC_MSGSEND = YES;
				GCC_C_LANGUAGE_STANDARD = gnu11;
				GCC_NO_COMMON_BLOCKS = YES;
				GCC_WARN_64_TO_32_BIT_CONVERSION = YES;
				GCC_WARN_ABOUT_RETURN_TYPE = YES_ERROR;
				GCC_WARN_UNDECLARED_SELECTOR = YES;
				GCC_WARN_UNINITIALIZED_AUTOS = YES_AGGRESSIVE;
				GCC_WARN_UNUSED_FUNCTION = YES;
				GCC_WARN_UNUSED_VARIABLE = YES;
				IPHONEOS_DEPLOYMENT_TARGET = 15.0;
				MTL_ENABLE_DEBUG_INFO = NO;
				MTL_FAST_MATH = YES;
				SDKROOT = iphoneos;
				SWIFT_COMPILATION_MODE = wholemodule;
				SWIFT_OPTIMIZATION_LEVEL = "-O";
				VALIDATE_PRODUCT = YES;
			};
			name = Release;
		};
		09FC05FF27AC104C008A5051 /* Debug */ = {
			isa = XCBuildConfiguration;
			baseConfigurationReference = 8FA0A6FB120C7F1936E66A75 /* Pods-TweetFeel.debug.xcconfig */;
			buildSettings = {
				ASSETCATALOG_COMPILER_APPICON_NAME = AppIcon;
				ASSETCATALOG_COMPILER_GLOBAL_ACCENT_COLOR_NAME = AccentColor;
				CODE_SIGN_STYLE = Automatic;
				CURRENT_PROJECT_VERSION = 1;
				DEVELOPMENT_TEAM = 5WR73Q6863;
				GENERATE_INFOPLIST_FILE = YES;
				INFOPLIST_FILE = TweetFeel/Info.plist;
				INFOPLIST_KEY_UIApplicationSupportsIndirectInputEvents = YES;
				INFOPLIST_KEY_UILaunchStoryboardName = LaunchScreen;
				INFOPLIST_KEY_UIMainStoryboardFile = Main;
				INFOPLIST_KEY_UISupportedInterfaceOrientations_iPad = "UIInterfaceOrientationPortrait UIInterfaceOrientationPortraitUpsideDown UIInterfaceOrientationLandscapeLeft UIInterfaceOrientationLandscapeRight";
				INFOPLIST_KEY_UISupportedInterfaceOrientations_iPhone = "UIInterfaceOrientationPortrait UIInterfaceOrientationLandscapeLeft UIInterfaceOrientationLandscapeRight";
				LD_RUNPATH_SEARCH_PATHS = (
					"$(inherited)",
					"@executable_path/Frameworks",
				);
				MARKETING_VERSION = 1.0;
				PRODUCT_BUNDLE_IDENTIFIER = com.adriancysvillegas.TweetFeel;
				PRODUCT_NAME = "$(TARGET_NAME)";
				SWIFT_EMIT_LOC_STRINGS = YES;
				SWIFT_VERSION = 5.0;
				TARGETED_DEVICE_FAMILY = "1,2";
			};
			name = Debug;
		};
		09FC060027AC104C008A5051 /* Release */ = {
			isa = XCBuildConfiguration;
			baseConfigurationReference = 8BF7025AEFA48FFD16E106EC /* Pods-TweetFeel.release.xcconfig */;
			buildSettings = {
				ASSETCATALOG_COMPILER_APPICON_NAME = AppIcon;
				ASSETCATALOG_COMPILER_GLOBAL_ACCENT_COLOR_NAME = AccentColor;
				CODE_SIGN_STYLE = Automatic;
				CURRENT_PROJECT_VERSION = 1;
				DEVELOPMENT_TEAM = 5WR73Q6863;
				GENERATE_INFOPLIST_FILE = YES;
				INFOPLIST_FILE = TweetFeel/Info.plist;
				INFOPLIST_KEY_UIApplicationSupportsIndirectInputEvents = YES;
				INFOPLIST_KEY_UILaunchStoryboardName = LaunchScreen;
				INFOPLIST_KEY_UIMainStoryboardFile = Main;
				INFOPLIST_KEY_UISupportedInterfaceOrientations_iPad = "UIInterfaceOrientationPortrait UIInterfaceOrientationPortraitUpsideDown UIInterfaceOrientationLandscapeLeft UIInterfaceOrientationLandscapeRight";
				INFOPLIST_KEY_UISupportedInterfaceOrientations_iPhone = "UIInterfaceOrientationPortrait UIInterfaceOrientationLandscapeLeft UIInterfaceOrientationLandscapeRight";
				LD_RUNPATH_SEARCH_PATHS = (
					"$(inherited)",
					"@executable_path/Frameworks",
				);
				MARKETING_VERSION = 1.0;
				PRODUCT_BUNDLE_IDENTIFIER = com.adriancysvillegas.TweetFeel;
				PRODUCT_NAME = "$(TARGET_NAME)";
				SWIFT_EMIT_LOC_STRINGS = YES;
				SWIFT_VERSION = 5.0;
				TARGETED_DEVICE_FAMILY = "1,2";
			};
			name = Release;
		};
/* End XCBuildConfiguration section */

/* Begin XCConfigurationList section */
		09FC05E527AC1048008A5051 /* Build configuration list for PBXProject "TweetFeel" */ = {
			isa = XCConfigurationList;
			buildConfigurations = (
				09FC05FC27AC104C008A5051 /* Debug */,
				09FC05FD27AC104C008A5051 /* Release */,
			);
			defaultConfigurationIsVisible = 0;
			defaultConfigurationName = Release;
		};
		09FC05FE27AC104C008A5051 /* Build configuration list for PBXNativeTarget "TweetFeel" */ = {
			isa = XCConfigurationList;
			buildConfigurations = (
				09FC05FF27AC104C008A5051 /* Debug */,
				09FC060027AC104C008A5051 /* Release */,
			);
			defaultConfigurationIsVisible = 0;
			defaultConfigurationName = Release;
		};
/* End XCConfigurationList section */

/* Begin XCRemoteSwiftPackageReference section */
		09FC064D27ACD08C008A5051 /* XCRemoteSwiftPackageReference "IQKeyboardManager" */ = {
			isa = XCRemoteSwiftPackageReference;
			repositoryURL = "https://github.com/hackiftekhar/IQKeyboardManager";
			requirement = {
				branch = master;
				kind = branch;
			};
		};
/* End XCRemoteSwiftPackageReference section */

/* Begin XCSwiftPackageProductDependency section */
		09FC064E27ACD08C008A5051 /* IQKeyboardManagerSwift */ = {
			isa = XCSwiftPackageProductDependency;
			package = 09FC064D27ACD08C008A5051 /* XCRemoteSwiftPackageReference "IQKeyboardManager" */;
			productName = IQKeyboardManagerSwift;
		};
/* End XCSwiftPackageProductDependency section */
	};
	rootObject = 09FC05E227AC1048008A5051 /* Project object */;
}
